
Microsoft Visual Studio Solution File, Format Version 12.00
# Visual Studio Version 17
VisualStudioVersion = 17.8.34511.84
MinimumVisualStudioVersion = 10.0.40219.1
Project("{FAE04EC0-301F-11D3-BF4B-00C04F79EFBC}") = "SuperHeroAPI", "SuperHeroAPI\SuperHeroAPI.csproj", "{4603EA2E-49D0-474F-95E2-73E3CDF7E028}"
EndProject
Global
	GlobalSection(SolutionConfigurationPlatforms) = preSolution
		Debug|Any CPU = Debug|Any CPU
		Release|Any CPU = Release|Any CPU
	EndGlobalSection
	GlobalSection(ProjectConfigurationPlatforms) = postSolution
		{4603EA2E-49D0-474F-95E2-73E3CDF7E028}.Debug|Any CPU.ActiveCfg = Debug|Any CPU
		{4603EA2E-49D0-474F-95E2-73E3CDF7E028}.Debug|Any CPU.Build.0 = Debug|Any CPU
		{4603EA2E-49D0-474F-95E2-73E3CDF7E028}.Release|Any CPU.ActiveCfg = Release|Any CPU
		{4603EA2E-49D0-474F-95E2-73E3CDF7E028}.Release|Any CPU.Build.0 = Release|Any CPU
	EndGlobalSection
	GlobalSection(SolutionProperties) = preSolution
		HideSolutionNode = FALSE
	EndGlobalSection
	GlobalSection(ExtensibilityGlobals) = postSolution
		SolutionGuid = {62755A01-E43E-4553-A48A-76CA68ECA017}
	EndGlobalSection
EndGlobal
